
Microsoft Visual Studio Solution File, Format Version 12.00
# Visual Studio Version 17
VisualStudioVersion = 17.11.35312.102
MinimumVisualStudioVersion = 10.0.40219.1
Project("{FAE04EC0-301F-11D3-BF4B-00C04F79EFBC}") = "PagesObjectModelSelenium", "PagesObjectModelSelenium\PagesObjectModelSelenium.csproj", "{FB57C654-6E53-4590-BC1E-D512D8C11757}"
EndProject
Global
	GlobalSection(SolutionConfigurationPlatforms) = preSolution
		Debug|Any CPU = Debug|Any CPU
		Release|Any CPU = Release|Any CPU
	EndGlobalSection
	GlobalSection(ProjectConfigurationPlatforms) = postSolution
		{FB57C654-6E53-4590-BC1E-D512D8C11757}.Debug|Any CPU.ActiveCfg = Debug|Any CPU
		{FB57C654-6E53-4590-BC1E-D512D8C11757}.Debug|Any CPU.Build.0 = Debug|Any CPU
		{FB57C654-6E53-4590-BC1E-D512D8C11757}.Release|Any CPU.ActiveCfg = Release|Any CPU
		{FB57C654-6E53-4590-BC1E-D512D8C11757}.Release|Any CPU.Build.0 = Release|Any CPU
	EndGlobalSection
	GlobalSection(SolutionProperties) = preSolution
		HideSolutionNode = FALSE
	EndGlobalSection
	GlobalSection(ExtensibilityGlobals) = postSolution
		SolutionGuid = {8A98BEB2-EADD-402F-8F0D-CA54516EE69E}
	EndGlobalSection
EndGlobal
